
Microsoft Visual Studio Solution File, Format Version 11.00
# Visual Studio 2010
Project("{FAE04EC0-301F-11D3-BF4B-00C04F79EFBC}") = "Assembly-CSharp", "Assembly-CSharp.csproj", "{5D67AC81-A4EC-9D2B-E389-D90C186AF292}"
EndProject
Project("{FAE04EC0-301F-11D3-BF4B-00C04F79EFBC}") = "Assembly-CSharp-Editor", "Assembly-CSharp-Editor.csproj", "{1BCCDA6E-77EB-1E9E-384F-9B327D1A17BC}"
EndProject
Global
	GlobalSection(SolutionConfigurationPlatforms) = preSolution
		Debug|Any CPU = Debug|Any CPU
		Release|Any CPU = Release|Any CPU
	EndGlobalSection
	GlobalSection(ProjectConfigurationPlatforms) = postSolution
		{5D67AC81-A4EC-9D2B-E389-D90C186AF292}.Debug|Any CPU.ActiveCfg = Debug|Any CPU
		{5D67AC81-A4EC-9D2B-E389-D90C186AF292}.Debug|Any CPU.Build.0 = Debug|Any CPU
		{5D67AC81-A4EC-9D2B-E389-D90C186AF292}.Release|Any CPU.ActiveCfg = Release|Any CPU
		{5D67AC81-A4EC-9D2B-E389-D90C186AF292}.Release|Any CPU.Build.0 = Release|Any CPU
		{1BCCDA6E-77EB-1E9E-384F-9B327D1A17BC}.Debug|Any CPU.ActiveCfg = Debug|Any CPU
		{1BCCDA6E-77EB-1E9E-384F-9B327D1A17BC}.Debug|Any CPU.Build.0 = Debug|Any CPU
		{1BCCDA6E-77EB-1E9E-384F-9B327D1A17BC}.Release|Any CPU.ActiveCfg = Release|Any CPU
		{1BCCDA6E-77EB-1E9E-384F-9B327D1A17BC}.Release|Any CPU.Build.0 = Release|Any CPU
	EndGlobalSection
	GlobalSection(SolutionProperties) = preSolution
		HideSolutionNode = FALSE
	EndGlobalSection
	GlobalSection(MonoDevelopProperties) = preSolution
		StartupItem = Assembly-CSharp.csproj
	EndGlobalSection
EndGlobal
